{
  "name": "model_office_demo_platform",
  "version": "0.1.0",
  "lockfileVersion": 1,
  "requires": true,
  "dependencies": {
    "async": {
      "version": "2.6.1",
      "resolved": "https://registry.npmjs.org/async/-/async-2.6.1.tgz",
      "integrity": "sha1-skWiPKcZMAROxT+kaqAKPofGphA=",
      "requires": {
        "lodash": "^4.17.10"
      },
      "dependencies": {
        "lodash": {
          "version": "4.17.10",
          "resolved": "https://registry.npmjs.org/lodash/-/lodash-4.17.10.tgz",
          "integrity": "sha1-G3eTz3JZ6jj7NmHU04syYK+K5Oc="
        }
      }
    },
    "complex.js": {
      "version": "2.0.12",
      "resolved": "https://registry.npmjs.org/complex.js/-/complex.js-2.0.12.tgz",
      "integrity": "sha512-oQX99fwL6LrTVg82gDY1dIWXy6qZRnRL35N+YhIX0N7tSwsa0KFy6IEMHTNuCW4mP7FS7MEqZ/2I/afzYwPldw=="
    },
    "decimal.js": {
      "version": "10.2.1",
      "resolved": "https://registry.npmjs.org/decimal.js/-/decimal.js-10.2.1.tgz",
      "integrity": "sha512-KaL7+6Fw6i5A2XSnsbhm/6B+NuEA7TZ4vqxnd5tXz9sbKtrN9Srj8ab4vKVdK8YAqZO9P1kg45Y6YLoduPf+kw=="
    },
    "escape-latex": {
      "version": "1.2.0",
      "resolved": "https://registry.npmjs.org/escape-latex/-/escape-latex-1.2.0.tgz",
      "integrity": "sha512-nV5aVWW1K0wEiUIEdZ4erkGGH8mDxGyxSeqPzRNtWP7ataw+/olFObw7hujFWlVjNsaDFw5VZ5NzVSIqRgfTiw=="
    },
    "fraction.js": {
      "version": "4.0.13",
      "resolved": "https://registry.npmjs.org/fraction.js/-/fraction.js-4.0.13.tgz",
      "integrity": "sha512-E1fz2Xs9ltlUp+qbiyx9wmt2n9dRzPsS11Jtdb8D2o+cC7wr9xkkKsVKJuBX0ST+LVS+LhLO+SbLJNtfWcJvXA=="
    },
    "javascript-natural-sort": {
      "version": "0.7.1",
      "resolved": "https://registry.npmjs.org/javascript-natural-sort/-/javascript-natural-sort-0.7.1.tgz",
      "integrity": "sha1-+eIwPUUH9tdDVac2ZNFED7Wg71k="
    },
    "kafka-node": {
      "version": "2.6.1",
      "resolved": "https://registry.npmjs.org/kafka-node/-/kafka-node-2.6.1.tgz",
      "integrity": "sha1-6K7jtkIQVXT6uqcY3E6Q0kdnpk0=",
      "requires": {
        "async": "^2.5.0",
        "binary": "~0.3.0",
        "bl": "^1.2.0",
        "buffer-crc32": "~0.2.5",
        "buffermaker": "~1.2.0",
        "debug": "^2.1.3",
        "lodash": "^4.17.4",
        "minimatch": "^3.0.2",
        "nested-error-stacks": "^2.0.0",
        "node-zookeeper-client": "~0.2.2",
        "optional": "^0.1.3",
        "retry": "^0.10.1",
        "snappy": "^6.0.1",
        "uuid": "^3.0.0"
      },
      "dependencies": {
        "binary": {
          "version": "0.3.0",
          "resolved": "https://registry.npmjs.org/binary/-/binary-0.3.0.tgz",
          "integrity": "sha1-n2BVO8XOjDOG87VTz/R0Yq3sqnk=",
          "requires": {
            "buffers": "~0.1.1",
            "chainsaw": "~0.1.0"
          },
          "dependencies": {
            "buffers": {
              "version": "0.1.1",
              "resolved": "https://registry.npmjs.org/buffers/-/buffers-0.1.1.tgz",
              "integrity": "sha1-skV5w77U1tOWru5tmorn9Ugqt7s="
            },
            "chainsaw": {
              "version": "0.1.0",
              "resolved": "https://registry.npmjs.org/chainsaw/-/chainsaw-0.1.0.tgz",
              "integrity": "sha1-XqtQsor+WAdNDVgpE4iCi15fvJg=",
              "requires": {
                "traverse": ">=0.3.0 <0.4"
              },
              "dependencies": {
                "traverse": {
                  "version": "0.3.9",
                  "resolved": "https://registry.npmjs.org/traverse/-/traverse-0.3.9.tgz",
                  "integrity": "sha1-cXuPIgzAu3tE5AUUwisui7xw2Lk="
                }
              }
            }
          }
        },
        "bl": {
          "version": "1.2.2",
          "resolved": "https://registry.npmjs.org/bl/-/bl-1.2.2.tgz",
          "integrity": "sha1-oWCRFxcQPAdBDO9j71Gzl8Alr5w=",
          "requires": {
            "readable-stream": "^2.3.5",
            "safe-buffer": "^5.1.1"
          },
          "dependencies": {
            "readable-stream": {
              "version": "2.3.6",
              "resolved": "https://registry.npmjs.org/readable-stream/-/readable-stream-2.3.6.tgz",
              "integrity": "sha1-sRwn2IuP8fvgcGQ8+UsMea4bCq8=",
              "requires": {
                "core-util-is": "~1.0.0",
                "inherits": "~2.0.3",
                "isarray": "~1.0.0",
                "process-nextick-args": "~2.0.0",
                "safe-buffer": "~5.1.1",
                "string_decoder": "~1.1.1",
                "util-deprecate": "~1.0.1"
              },
              "dependencies": {
                "core-util-is": {
                  "version": "1.0.2",
                  "resolved": "https://registry.npmjs.org/core-util-is/-/core-util-is-1.0.2.tgz",
                  "integrity": "sha1-tf1UIgqivFq1eqtxQMlAdUUDwac="
                },
                "inherits": {
                  "version": "2.0.3",
                  "resolved": "https://registry.npmjs.org/inherits/-/inherits-2.0.3.tgz",
                  "integrity": "sha1-Yzwsg+PaQqUC9SRmAiSA9CCCYd4="
                },
                "isarray": {
                  "version": "1.0.0",
                  "resolved": "https://registry.npmjs.org/isarray/-/isarray-1.0.0.tgz",
                  "integrity": "sha1-u5NdSFgsuhaMBoNJV6VKPgcSTxE="
                },
                "process-nextick-args": {
                  "version": "2.0.0",
                  "resolved": "https://registry.npmjs.org/process-nextick-args/-/process-nextick-args-2.0.0.tgz",
                  "integrity": "sha1-o31zL0JxtKsa0HDTVQjoKQeI/6o="
                },
                "string_decoder": {
                  "version": "1.1.1",
                  "resolved": "https://registry.npmjs.org/string_decoder/-/string_decoder-1.1.1.tgz",
                  "integrity": "sha1-nPFhG6YmhdcDCunkujQUnDrwP8g=",
                  "requires": {
                    "safe-buffer": "~5.1.0"
                  }
                },
                "util-deprecate": {
                  "version": "1.0.2",
                  "resolved": "https://registry.npmjs.org/util-deprecate/-/util-deprecate-1.0.2.tgz",
                  "integrity": "sha1-RQ1Nyfpw3nMnYvvS1KKJgUGaDM8="
                }
              }
            },
            "safe-buffer": {
              "version": "5.1.2",
              "resolved": "https://registry.npmjs.org/safe-buffer/-/safe-buffer-5.1.2.tgz",
              "integrity": "sha1-mR7GnSluAxN0fVm9/St0XDX4go0="
            }
          }
        },
        "buffer-crc32": {
          "version": "0.2.13",
          "resolved": "https://registry.npmjs.org/buffer-crc32/-/buffer-crc32-0.2.13.tgz",
          "integrity": "sha1-DTM+PwDqxQqhRUq9MO+MKl2ackI="
        },
        "buffermaker": {
          "version": "1.2.0",
          "resolved": "https://registry.npmjs.org/buffermaker/-/buffermaker-1.2.0.tgz",
          "integrity": "sha1-u3MlLsCIK3Y56bVWuCnav8LK4bo=",
          "requires": {
            "long": "1.1.2"
          },
          "dependencies": {
            "long": {
              "version": "1.1.2",
              "resolved": "https://registry.npmjs.org/long/-/long-1.1.2.tgz",
              "integrity": "sha1-6u9ZUcp1UdlpJrgtokLbnWso+1M="
            }
          }
        },
        "debug": {
          "version": "2.6.9",
          "resolved": "https://registry.npmjs.org/debug/-/debug-2.6.9.tgz",
          "integrity": "sha1-XRKFFd8TT/Mn6QpMk/Tgd6U2NB8=",
          "requires": {
            "ms": "2.0.0"
          },
          "dependencies": {
            "ms": {
              "version": "2.0.0",
              "resolved": "https://registry.npmjs.org/ms/-/ms-2.0.0.tgz",
              "integrity": "sha1-VgiurfwAvmwpAd9fmGF4jeDVl8g="
            }
          }
        },
        "lodash": {
          "version": "4.17.10",
          "resolved": "https://registry.npmjs.org/lodash/-/lodash-4.17.10.tgz",
          "integrity": "sha1-G3eTz3JZ6jj7NmHU04syYK+K5Oc="
        },
        "minimatch": {
          "version": "3.0.4",
          "resolved": "https://registry.npmjs.org/minimatch/-/minimatch-3.0.4.tgz",
          "integrity": "sha1-UWbihkV/AzBgZL5Ul+jbsMPTIIM=",
          "requires": {
            "brace-expansion": "^1.1.7"
          },
          "dependencies": {
            "brace-expansion": {
              "version": "1.1.11",
              "resolved": "https://registry.npmjs.org/brace-expansion/-/brace-expansion-1.1.11.tgz",
              "integrity": "sha1-PH/L9SnYcibz0vUrlm/1Jx60Qd0=",
              "requires": {
                "balanced-match": "^1.0.0",
                "concat-map": "0.0.1"
              },
              "dependencies": {
                "balanced-match": {
                  "version": "1.0.0",
                  "resolved": "https://registry.npmjs.org/balanced-match/-/balanced-match-1.0.0.tgz",
                  "integrity": "sha1-ibTRmasr7kneFk6gK4nORi1xt2c="
                },
                "concat-map": {
                  "version": "0.0.1",
                  "resolved": "https://registry.npmjs.org/concat-map/-/concat-map-0.0.1.tgz",
                  "integrity": "sha1-2Klr13/Wjfd5OnMDajug1UBdR3s="
                }
              }
            }
          }
        },
        "nested-error-stacks": {
          "version": "2.0.1",
          "resolved": "https://registry.npmjs.org/nested-error-stacks/-/nested-error-stacks-2.0.1.tgz",
          "integrity": "sha1-0syfxSNd2zcfxE1QYjQznI5LCks="
        },
        "node-zookeeper-client": {
          "version": "0.2.2",
          "resolved": "https://registry.npmjs.org/node-zookeeper-client/-/node-zookeeper-client-0.2.2.tgz",
          "integrity": "sha1-CXvaAZme749gLOBotjJgAGnb9oU=",
          "requires": {
            "async": "~0.2.7",
            "underscore": "~1.4.4"
          },
          "dependencies": {
            "async": {
              "version": "0.2.10",
              "resolved": "https://registry.npmjs.org/async/-/async-0.2.10.tgz",
              "integrity": "sha1-trvgsGdLnXGXCMo43owjfLUmw9E="
            },
            "underscore": {
              "version": "1.4.4",
              "resolved": "https://registry.npmjs.org/underscore/-/underscore-1.4.4.tgz",
              "integrity": "sha1-YaajIBBiKvoHljvzJSA88SI51gQ="
            }
          }
        },
        "optional": {
          "version": "0.1.4",
          "resolved": "https://registry.npmjs.org/optional/-/optional-0.1.4.tgz",
          "integrity": "sha1-zbGpvtxzfSAl9pDO61DgSURP1bM="
        },
        "retry": {
          "version": "0.10.1",
          "resolved": "https://registry.npmjs.org/retry/-/retry-0.10.1.tgz",
          "integrity": "sha1-52OI0heZLCUnUCQdPTlW/tmNj/Q="
        },
        "snappy": {
          "version": "6.0.4",
          "resolved": "https://registry.npmjs.org/snappy/-/snappy-6.0.4.tgz",
          "integrity": "sha1-iRT4SicycIaIKPPi8Q9hYxrOq+U=",
          "optional": true,
          "requires": {
            "bindings": "^1.3.0",
            "nan": "^2.10.0"
          },
          "dependencies": {
            "bindings": {
              "version": "1.3.0",
              "resolved": "https://registry.npmjs.org/bindings/-/bindings-1.3.0.tgz",
              "integrity": "sha1-s0b27PapX1qBXFg5/HzbIlAvHtc=",
              "optional": true
            },
            "nan": {
              "version": "2.10.0",
              "resolved": "https://registry.npmjs.org/nan/-/nan-2.10.0.tgz",
              "integrity": "sha1-ltDNYQ69WNS03pzAxoKM2pnHVI8=",
              "optional": true
            }
          }
        },
        "uuid": {
          "version": "3.2.1",
          "resolved": "https://registry.npmjs.org/uuid/-/uuid-3.2.1.tgz",
          "integrity": "sha1-EsUou51Y0LkmXZovbw/ovhf/HxQ="
        }
      }
    },
    "mathjs": {
      "version": "7.5.1",
      "resolved": "https://registry.npmjs.org/mathjs/-/mathjs-7.5.1.tgz",
      "integrity": "sha512-H2q/Dq0qxBLMw+G84SSXmGqo/znihuxviGgAQwAcyeFLwK2HksvSGNx4f3dllZF51bWOnu2op60VZxH2Sb51Pw==",
      "requires": {
        "complex.js": "^2.0.11",
        "decimal.js": "^10.2.1",
        "escape-latex": "^1.2.0",
        "fraction.js": "^4.0.12",
        "javascript-natural-sort": "^0.7.1",
        "seed-random": "^2.2.0",
        "tiny-emitter": "^2.1.0",
        "typed-function": "^2.0.0"
      }
    },
    "mongodb": {
      "version": "3.0.8",
      "resolved": "https://registry.npmjs.org/mongodb/-/mongodb-3.0.8.tgz",
      "integrity": "sha1-LB2uysmg7C3i8q6k3JfXaucPiVE=",
      "requires": {
        "mongodb-core": "3.0.8"
      },
      "dependencies": {
        "mongodb-core": {
          "version": "3.0.8",
          "resolved": "https://registry.npmjs.org/mongodb-core/-/mongodb-core-3.0.8.tgz",
          "integrity": "sha1-jUAfTqtgVsDYdKPVhEpIRPdh1Nc=",
          "requires": {
            "bson": "~1.0.4",
            "require_optional": "^1.0.1"
          },
          "dependencies": {
            "bson": {
              "version": "1.0.6",
              "resolved": "https://registry.npmjs.org/bson/-/bson-1.0.6.tgz",
              "integrity": "sha1-RE21nd1MJPDLBjqr3FyMewzsqRI="
            },
            "require_optional": {
              "version": "1.0.1",
              "resolved": "https://registry.npmjs.org/require_optional/-/require_optional-1.0.1.tgz",
              "integrity": "sha1-TPNaQkf2TKPfjC7yCMxJSxyo/C4=",
              "requires": {
                "resolve-from": "^2.0.0",
                "semver": "^5.1.0"
              },
              "dependencies": {
                "resolve-from": {
                  "version": "2.0.0",
                  "resolved": "https://registry.npmjs.org/resolve-from/-/resolve-from-2.0.0.tgz",
                  "integrity": "sha1-lICrIOlP+h2egKgEx+oUdhGWa1c="
                },
                "semver": {
                  "version": "5.5.0",
                  "resolved": "https://registry.npmjs.org/semver/-/semver-5.5.0.tgz",
                  "integrity": "sha1-3Eu8emyp2Rbe5dQ1FvAJK1j3uKs="
                }
              }
            }
          }
        }
      }
    },
    "seed-random": {
      "version": "2.2.0",
      "resolved": "https://registry.npmjs.org/seed-random/-/seed-random-2.2.0.tgz",
      "integrity": "sha1-KpsZ4lCoFwmSMaW5mk2vgLf77VQ="
    },
    "tiny-emitter": {
      "version": "2.1.0",
      "resolved": "https://registry.npmjs.org/tiny-emitter/-/tiny-emitter-2.1.0.tgz",
      "integrity": "sha512-NB6Dk1A9xgQPMoGqC5CVXn123gWyte215ONT5Pp5a0yt4nlEoO1ZWeCwpncaekPHXO60i47ihFnZPiRPjRMq4Q=="
    },
    "typed-function": {
      "version": "2.0.0",
      "resolved": "https://registry.npmjs.org/typed-function/-/typed-function-2.0.0.tgz",
      "integrity": "sha512-Hhy1Iwo/e4AtLZNK10ewVVcP2UEs408DS35ubP825w/YgSBK1KVLwALvvIG4yX75QJrxjCpcWkzkVRB0BwwYlA=="
    }
  }
}
